
Microsoft Visual Studio Solution File, Format Version 12.00
# Visual Studio Version 17
VisualStudioVersion = 17.10.35027.167
MinimumVisualStudioVersion = 10.0.40219.1
Project("{FAE04EC0-301F-11D3-BF4B-00C04F79EFBC}") = "DateTimeOffsetExample.Server", "DateTimeOffsetExample.Server\DateTimeOffsetExample.Server.csproj", "{78238F5C-9969-4AF3-9BE2-80DCB69CDEFB}"
EndProject
Project("{54A90642-561A-4BB1-A94E-469ADEE60C69}") = "datetimeoffsetexample.client", "datetimeoffsetexample.client\datetimeoffsetexample.client.esproj", "{55A58E38-73E0-45A0-847D-9F814C3ED8D8}"
EndProject
Global
	GlobalSection(SolutionConfigurationPlatforms) = preSolution
		Debug|Any CPU = Debug|Any CPU
		Release|Any CPU = Release|Any CPU
	EndGlobalSection
	GlobalSection(ProjectConfigurationPlatforms) = postSolution
		{78238F5C-9969-4AF3-9BE2-80DCB69CDEFB}.Debug|Any CPU.ActiveCfg = Debug|Any CPU
		{78238F5C-9969-4AF3-9BE2-80DCB69CDEFB}.Debug|Any CPU.Build.0 = Debug|Any CPU
		{78238F5C-9969-4AF3-9BE2-80DCB69CDEFB}.Release|Any CPU.ActiveCfg = Release|Any CPU
		{78238F5C-9969-4AF3-9BE2-80DCB69CDEFB}.Release|Any CPU.Build.0 = Release|Any CPU
		{55A58E38-73E0-45A0-847D-9F814C3ED8D8}.Debug|Any CPU.ActiveCfg = Debug|Any CPU
		{55A58E38-73E0-45A0-847D-9F814C3ED8D8}.Debug|Any CPU.Build.0 = Debug|Any CPU
		{55A58E38-73E0-45A0-847D-9F814C3ED8D8}.Debug|Any CPU.Deploy.0 = Debug|Any CPU
		{55A58E38-73E0-45A0-847D-9F814C3ED8D8}.Release|Any CPU.ActiveCfg = Release|Any CPU
		{55A58E38-73E0-45A0-847D-9F814C3ED8D8}.Release|Any CPU.Build.0 = Release|Any CPU
		{55A58E38-73E0-45A0-847D-9F814C3ED8D8}.Release|Any CPU.Deploy.0 = Release|Any CPU
	EndGlobalSection
	GlobalSection(SolutionProperties) = preSolution
		HideSolutionNode = FALSE
	EndGlobalSection
	GlobalSection(ExtensibilityGlobals) = postSolution
		SolutionGuid = {B32267C3-55DA-46D2-8CF1-DEA92173690A}
	EndGlobalSection
EndGlobal
